
Microsoft Visual Studio Solution File, Format Version 12.00
# Visual Studio Version 17
VisualStudioVersion = 17.14.36221.1
MinimumVisualStudioVersion = 10.0.40219.1
Project("{FAE04EC0-301F-11D3-BF4B-00C04F79EFBC}") = "LibraryManagementSystem", "LibraryManagementSystem\LibraryManagementSystem.csproj", "{04ADAB6F-BDDE-4FEC-AB96-E6801ECF8335}"
EndProject
Global
	GlobalSection(SolutionConfigurationPlatforms) = preSolution
		Debug|Any CPU = Debug|Any CPU
		Release|Any CPU = Release|Any CPU
	EndGlobalSection
	GlobalSection(ProjectConfigurationPlatforms) = postSolution
		{04ADAB6F-BDDE-4FEC-AB96-E6801ECF8335}.Debug|Any CPU.ActiveCfg = Debug|Any CPU
		{04ADAB6F-BDDE-4FEC-AB96-E6801ECF8335}.Debug|Any CPU.Build.0 = Debug|Any CPU
		{04ADAB6F-BDDE-4FEC-AB96-E6801ECF8335}.Release|Any CPU.ActiveCfg = Release|Any CPU
		{04ADAB6F-BDDE-4FEC-AB96-E6801ECF8335}.Release|Any CPU.Build.0 = Release|Any CPU
	EndGlobalSection
	GlobalSection(SolutionProperties) = preSolution
		HideSolutionNode = FALSE
	EndGlobalSection
	GlobalSection(ExtensibilityGlobals) = postSolution
		SolutionGuid = {42F81D15-160E-47D3-9194-D001D6E474B6}
	EndGlobalSection
EndGlobal
